
Microsoft Visual Studio Solution File, Format Version 12.00
# Visual Studio Version 17
VisualStudioVersion = 17.3.32901.215
MinimumVisualStudioVersion = 10.0.40219.1
Project("{FAE04EC0-301F-11D3-BF4B-00C04F79EFBC}") = "paint_jamescarl", "paint_jamescarl\paint_jamescarl.csproj", "{BA795420-0E80-4AC3-BAFB-1F8CF182FAEC}"
EndProject
Global
	GlobalSection(SolutionConfigurationPlatforms) = preSolution
		Debug|Any CPU = Debug|Any CPU
		Release|Any CPU = Release|Any CPU
	EndGlobalSection
	GlobalSection(ProjectConfigurationPlatforms) = postSolution
		{BA795420-0E80-4AC3-BAFB-1F8CF182FAEC}.Debug|Any CPU.ActiveCfg = Debug|Any CPU
		{BA795420-0E80-4AC3-BAFB-1F8CF182FAEC}.Debug|Any CPU.Build.0 = Debug|Any CPU
		{BA795420-0E80-4AC3-BAFB-1F8CF182FAEC}.Release|Any CPU.ActiveCfg = Release|Any CPU
		{BA795420-0E80-4AC3-BAFB-1F8CF182FAEC}.Release|Any CPU.Build.0 = Release|Any CPU
	EndGlobalSection
	GlobalSection(SolutionProperties) = preSolution
		HideSolutionNode = FALSE
	EndGlobalSection
	GlobalSection(ExtensibilityGlobals) = postSolution
		SolutionGuid = {32C81CF6-3866-4000-867F-8932EB527A9D}
	EndGlobalSection
EndGlobal
